
Microsoft Visual Studio Solution File, Format Version 12.00
# Visual Studio Version 16
VisualStudioVersion = 16.0.30804.86
MinimumVisualStudioVersion = 10.0.40219.1
Project("{9A19103F-16F7-4668-BE54-9A1E7A4F7556}") = "MarkdownAdjustHugo", "MarkdownAdjustHugo\MarkdownAdjustHugo.csproj", "{86F4E079-1523-43D8-A85D-BD03792ED9FC}"
EndProject
Project("{FAE04EC0-301F-11D3-BF4B-00C04F79EFBC}") = "FileAndDirectory", "FileAndDirectory\FileAndDirectory.csproj", "{9FA744EF-42A8-41AA-9BD5-04BD1A65362B}"
EndProject
Project("{FAE04EC0-301F-11D3-BF4B-00C04F79EFBC}") = "ToolConsole", "ToolConsole\ToolConsole.csproj", "{68059EDA-6606-43ED-A7C3-B0C1F8A3126B}"
EndProject
Project("{FAE04EC0-301F-11D3-BF4B-00C04F79EFBC}") = "ImageCleaner", "ImageCleaner\ImageCleaner.csproj", "{C0C6CADB-AF19-4FAE-AB98-ED5DB6589629}"
EndProject
Global
	GlobalSection(SolutionConfigurationPlatforms) = preSolution
		Debug|Any CPU = Debug|Any CPU
		Release|Any CPU = Release|Any CPU
	EndGlobalSection
	GlobalSection(ProjectConfigurationPlatforms) = postSolution
		{86F4E079-1523-43D8-A85D-BD03792ED9FC}.Debug|Any CPU.ActiveCfg = Debug|Any CPU
		{86F4E079-1523-43D8-A85D-BD03792ED9FC}.Debug|Any CPU.Build.0 = Debug|Any CPU
		{86F4E079-1523-43D8-A85D-BD03792ED9FC}.Release|Any CPU.ActiveCfg = Release|Any CPU
		{86F4E079-1523-43D8-A85D-BD03792ED9FC}.Release|Any CPU.Build.0 = Release|Any CPU
		{9FA744EF-42A8-41AA-9BD5-04BD1A65362B}.Debug|Any CPU.ActiveCfg = Debug|Any CPU
		{9FA744EF-42A8-41AA-9BD5-04BD1A65362B}.Debug|Any CPU.Build.0 = Debug|Any CPU
		{9FA744EF-42A8-41AA-9BD5-04BD1A65362B}.Release|Any CPU.ActiveCfg = Release|Any CPU
		{9FA744EF-42A8-41AA-9BD5-04BD1A65362B}.Release|Any CPU.Build.0 = Release|Any CPU
		{68059EDA-6606-43ED-A7C3-B0C1F8A3126B}.Debug|Any CPU.ActiveCfg = Debug|Any CPU
		{68059EDA-6606-43ED-A7C3-B0C1F8A3126B}.Debug|Any CPU.Build.0 = Debug|Any CPU
		{68059EDA-6606-43ED-A7C3-B0C1F8A3126B}.Release|Any CPU.ActiveCfg = Release|Any CPU
		{68059EDA-6606-43ED-A7C3-B0C1F8A3126B}.Release|Any CPU.Build.0 = Release|Any CPU
		{C0C6CADB-AF19-4FAE-AB98-ED5DB6589629}.Debug|Any CPU.ActiveCfg = Debug|Any CPU
		{C0C6CADB-AF19-4FAE-AB98-ED5DB6589629}.Debug|Any CPU.Build.0 = Debug|Any CPU
		{C0C6CADB-AF19-4FAE-AB98-ED5DB6589629}.Release|Any CPU.ActiveCfg = Release|Any CPU
		{C0C6CADB-AF19-4FAE-AB98-ED5DB6589629}.Release|Any CPU.Build.0 = Release|Any CPU
	EndGlobalSection
	GlobalSection(SolutionProperties) = preSolution
		HideSolutionNode = FALSE
	EndGlobalSection
	GlobalSection(ExtensibilityGlobals) = postSolution
		SolutionGuid = {D531ADBF-14FF-4D47-8869-BDC785A29951}
	EndGlobalSection
EndGlobal
